
Microsoft Visual Studio Solution File, Format Version 12.00
# Visual Studio Version 17
VisualStudioVersion = 17.0.31903.59
MinimumVisualStudioVersion = 10.0.40219.1
Project("{FAE04EC0-301F-11D3-BF4B-00C04F79EFBC}") = "FlowPilot.Api", "src\FlowPilot.Api\FlowPilot.Api.csproj", "{359D470A-2B00-4B41-8A93-13DD1BD4E572}"
EndProject
Project("{FAE04EC0-301F-11D3-BF4B-00C04F79EFBC}") = "FlowPilot.Application", "src\FlowPilot.Application\FlowPilot.Application.csproj", "{40EA8E25-5A8C-446D-A19D-75C7772DE047}"
EndProject
Project("{FAE04EC0-301F-11D3-BF4B-00C04F79EFBC}") = "FlowPilot.Contracts", "src\FlowPilot.Contracts\FlowPilot.Contracts.csproj", "{D029321D-29BD-4C20-810E-E7FA5D97A61A}"
EndProject
Project("{FAE04EC0-301F-11D3-BF4B-00C04F79EFBC}") = "FlowPilot.Domain", "src\FlowPilot.Domain\FlowPilot.Domain.csproj", "{746FF050-365B-4E9F-ABAC-67C11C849702}"
EndProject
Project("{FAE04EC0-301F-11D3-BF4B-00C04F79EFBC}") = "FlowPilot.Infrastructure", "src\FlowPilot.Infrastructure\FlowPilot.Infrastructure.csproj", "{83EF89AF-5659-428A-A74E-3760B186E73B}"
EndProject
Project("{FAE04EC0-301F-11D3-BF4B-00C04F79EFBC}") = "FlowPilot.Database", "src\FlowPilot.Database\FlowPilot.Database.csproj", "{C0FC083A-AB7F-4BB4-A3AA-8DD2F13F84CA}"
EndProject
Project("{FAE04EC0-301F-11D3-BF4B-00C04F79EFBC}") = "FlowPilot.DatabaseTool", "tools\FlowPilot.DatabaseTool\FlowPilot.DatabaseTool.csproj", "{6B88F702-4A38-45E6-A1C8-BB4BD598D4D1}"
EndProject
Project("{FAE04EC0-301F-11D3-BF4B-00C04F79EFBC}") = "FlowPilot.UnitTests", "tests\FlowPilot.UnitTests\FlowPilot.UnitTests.csproj", "{7448A83F-B6C2-4D53-AABF-F59E3D3CFF28}"
EndProject
Project("{FAE04EC0-301F-11D3-BF4B-00C04F79EFBC}") = "FlowPilot.ApiTests", "tests\FlowPilot.ApiTests\FlowPilot.ApiTests.csproj", "{11A55361-9308-47D4-99B6-24E6874474FE}"
EndProject
Project("{FAE04EC0-301F-11D3-BF4B-00C04F79EFBC}") = "FlowPilot.SqlServerTests", "tests\FlowPilot.SqlServerTests\FlowPilot.SqlServerTests.csproj", "{98814AA3-391F-4F6F-BDD7-9A6964F1DC37}"
EndProject
Global
	GlobalSection(SolutionConfigurationPlatforms) = preSolution
		Debug|Any CPU = Debug|Any CPU
		Release|Any CPU = Release|Any CPU
	EndGlobalSection
	GlobalSection(ProjectConfigurationPlatforms) = postSolution
		{359D470A-2B00-4B41-8A93-13DD1BD4E572}.Debug|Any CPU.ActiveCfg = Debug|Any CPU
		{359D470A-2B00-4B41-8A93-13DD1BD4E572}.Debug|Any CPU.Build.0 = Debug|Any CPU
		{359D470A-2B00-4B41-8A93-13DD1BD4E572}.Release|Any CPU.ActiveCfg = Release|Any CPU
		{359D470A-2B00-4B41-8A93-13DD1BD4E572}.Release|Any CPU.Build.0 = Release|Any CPU
		{40EA8E25-5A8C-446D-A19D-75C7772DE047}.Debug|Any CPU.ActiveCfg = Debug|Any CPU
		{40EA8E25-5A8C-446D-A19D-75C7772DE047}.Debug|Any CPU.Build.0 = Debug|Any CPU
		{40EA8E25-5A8C-446D-A19D-75C7772DE047}.Release|Any CPU.ActiveCfg = Release|Any CPU
		{40EA8E25-5A8C-446D-A19D-75C7772DE047}.Release|Any CPU.Build.0 = Release|Any CPU
		{D029321D-29BD-4C20-810E-E7FA5D97A61A}.Debug|Any CPU.ActiveCfg = Debug|Any CPU
		{D029321D-29BD-4C20-810E-E7FA5D97A61A}.Debug|Any CPU.Build.0 = Debug|Any CPU
		{D029321D-29BD-4C20-810E-E7FA5D97A61A}.Release|Any CPU.ActiveCfg = Release|Any CPU
		{D029321D-29BD-4C20-810E-E7FA5D97A61A}.Release|Any CPU.Build.0 = Release|Any CPU
		{746FF050-365B-4E9F-ABAC-67C11C849702}.Debug|Any CPU.ActiveCfg = Debug|Any CPU
		{746FF050-365B-4E9F-ABAC-67C11C849702}.Debug|Any CPU.Build.0 = Debug|Any CPU
		{746FF050-365B-4E9F-ABAC-67C11C849702}.Release|Any CPU.ActiveCfg = Release|Any CPU
		{746FF050-365B-4E9F-ABAC-67C11C849702}.Release|Any CPU.Build.0 = Release|Any CPU
		{83EF89AF-5659-428A-A74E-3760B186E73B}.Debug|Any CPU.ActiveCfg = Debug|Any CPU
		{83EF89AF-5659-428A-A74E-3760B186E73B}.Debug|Any CPU.Build.0 = Debug|Any CPU
		{83EF89AF-5659-428A-A74E-3760B186E73B}.Release|Any CPU.ActiveCfg = Release|Any CPU
		{83EF89AF-5659-428A-A74E-3760B186E73B}.Release|Any CPU.Build.0 = Release|Any CPU
		{C0FC083A-AB7F-4BB4-A3AA-8DD2F13F84CA}.Debug|Any CPU.ActiveCfg = Debug|Any CPU
		{C0FC083A-AB7F-4BB4-A3AA-8DD2F13F84CA}.Debug|Any CPU.Build.0 = Debug|Any CPU
		{C0FC083A-AB7F-4BB4-A3AA-8DD2F13F84CA}.Release|Any CPU.ActiveCfg = Release|Any CPU
		{C0FC083A-AB7F-4BB4-A3AA-8DD2F13F84CA}.Release|Any CPU.Build.0 = Release|Any CPU
		{6B88F702-4A38-45E6-A1C8-BB4BD598D4D1}.Debug|Any CPU.ActiveCfg = Debug|Any CPU
		{6B88F702-4A38-45E6-A1C8-BB4BD598D4D1}.Debug|Any CPU.Build.0 = Debug|Any CPU
		{6B88F702-4A38-45E6-A1C8-BB4BD598D4D1}.Release|Any CPU.ActiveCfg = Release|Any CPU
		{6B88F702-4A38-45E6-A1C8-BB4BD598D4D1}.Release|Any CPU.Build.0 = Release|Any CPU
		{7448A83F-B6C2-4D53-AABF-F59E3D3CFF28}.Debug|Any CPU.ActiveCfg = Debug|Any CPU
		{7448A83F-B6C2-4D53-AABF-F59E3D3CFF28}.Debug|Any CPU.Build.0 = Debug|Any CPU
		{7448A83F-B6C2-4D53-AABF-F59E3D3CFF28}.Release|Any CPU.ActiveCfg = Release|Any CPU
		{7448A83F-B6C2-4D53-AABF-F59E3D3CFF28}.Release|Any CPU.Build.0 = Release|Any CPU
		{11A55361-9308-47D4-99B6-24E6874474FE}.Debug|Any CPU.ActiveCfg = Debug|Any CPU
		{11A55361-9308-47D4-99B6-24E6874474FE}.Debug|Any CPU.Build.0 = Debug|Any CPU
		{11A55361-9308-47D4-99B6-24E6874474FE}.Release|Any CPU.ActiveCfg = Release|Any CPU
		{11A55361-9308-47D4-99B6-24E6874474FE}.Release|Any CPU.Build.0 = Release|Any CPU
		{98814AA3-391F-4F6F-BDD7-9A6964F1DC37}.Debug|Any CPU.ActiveCfg = Debug|Any CPU
		{98814AA3-391F-4F6F-BDD7-9A6964F1DC37}.Debug|Any CPU.Build.0 = Debug|Any CPU
		{98814AA3-391F-4F6F-BDD7-9A6964F1DC37}.Release|Any CPU.ActiveCfg = Release|Any CPU
		{98814AA3-391F-4F6F-BDD7-9A6964F1DC37}.Release|Any CPU.Build.0 = Release|Any CPU
	EndGlobalSection
EndGlobal
